Microsoft Visual Studio Solution File, Format Version 9.00
# Visual Basic Express 2005
Project("{F184B08F-C81C-45F6-A57F-5ABD9991F28F}") = "Alarm2005", "Alarm2005.vbproj", "{5B9D85C1-5A21-4EAF-843E-8FA9F1FF44E8}"
EndProject
Project("{F184B08F-C81C-45F6-A57F-5ABD9991F28F}") = "ScrollingText", "..\ScrollingText\ScrollingText.vbproj", "{CDECCBD9-05F7-494B-9E6E-3E875B14A04F}"
EndProject
Global
	GlobalSection(SolutionConfigurationPlatforms) = preSolution
		Debug|Any CPU = Debug|Any CPU
		Release|Any CPU = Release|Any CPU
	EndGlobalSection
	GlobalSection(ProjectConfigurationPlatforms) = postSolution
		{5B9D85C1-5A21-4EAF-843E-8FA9F1FF44E8}.Debug|Any CPU.ActiveCfg = Debug|Any CPU
		{5B9D85C1-5A21-4EAF-843E-8FA9F1FF44E8}.Debug|Any CPU.Build.0 = Debug|Any CPU
		{5B9D85C1-5A21-4EAF-843E-8FA9F1FF44E8}.Release|Any CPU.ActiveCfg = Release|Any CPU
		{5B9D85C1-5A21-4EAF-843E-8FA9F1FF44E8}.Release|Any CPU.Build.0 = Release|Any CPU
		{CDECCBD9-05F7-494B-9E6E-3E875B14A04F}.Debug|Any CPU.ActiveCfg = Debug|Any CPU
		{CDECCBD9-05F7-494B-9E6E-3E875B14A04F}.Debug|Any CPU.Build.0 = Debug|Any CPU
		{CDECCBD9-05F7-494B-9E6E-3E875B14A04F}.Release|Any CPU.ActiveCfg = Release|Any CPU
		{CDECCBD9-05F7-494B-9E6E-3E875B14A04F}.Release|Any CPU.Build.0 = Release|Any CPU
	EndGlobalSection
	GlobalSection(SolutionProperties) = preSolution
		HideSolutionNode = FALSE
	EndGlobalSection
EndGlobal
